github.com/GoesToEleven/GolangTraining v0.0.0-20181204234241-afa19f5c43f3 h1:1v+fWHgcqavbTqlVbjzK+PgEHyIVUsQc7VQO+Sfmues=
github.com/GoesToEleven/GolangTraining v0.0.0-20181204234241-afa19f5c43f3/go.mod h1:P+UOAV/ky+x/FVomIr1F6mP9gvcS+0uVzxPBIJ5+8Hg=
github.com/GoesToEleven/go-programming v0.0.0-20181228215051-5519dbb87bc5 h1:WKpGS7hJdUWc4YHjvTY96oic8W7Bd6j4zYqAPeyf9N8=
github.com/GoesToEleven/go-programming v0.0.0-20181228215051-5519dbb87bc5/go.mod h1:LldzOPaKdMOUfSPvqxm1wFrOU8CE1XhRhWn+tbMPe+w=
github.com/GoesToEleven/golang-web-dev v0.0.0-20191213230751-ef2d6fb2fe25 h1:PXb5wpGn+awL+vsW96ZoS2r9ybuXPHcradpjQpupYME=
github.com/GoesToEleven/golang-web-dev v0.0.0-20191213230751-ef2d6fb2fe25/go.mod h1:kCzgRnGeAg0uoJRAJeogJJE1TBmBI0Vd1sSYJW00br0=
